
Microsoft Visual Studio Solution File, Format Version 12.00
# Visual Studio Version 17
VisualStudioVersion = 17.9.34714.143
MinimumVisualStudioVersion = 10.0.40219.1
Project("{9A19103F-16F7-4668-BE54-9A1E7A4F7556}") = "RecipeManagementApp", "RecipeManagementApp\RecipeManagementApp.csproj", "{17332384-AC94-4EC5-85DF-F39217FF1206}"
EndProject
Project("{FAE04EC0-301F-11D3-BF4B-00C04F79EFBC}") = "Tests", "Tests\Tests.csproj", "{BD6BC28F-AB0F-44F6-B739-571BF856E076}"
EndProject
Global
	GlobalSection(SolutionConfigurationPlatforms) = preSolution
		Debug|Any CPU = Debug|Any CPU
		Release|Any CPU = Release|Any CPU
	EndGlobalSection
	GlobalSection(ProjectConfigurationPlatforms) = postSolution
		{17332384-AC94-4EC5-85DF-F39217FF1206}.Debug|Any CPU.ActiveCfg = Debug|Any CPU
		{17332384-AC94-4EC5-85DF-F39217FF1206}.Debug|Any CPU.Build.0 = Debug|Any CPU
		{17332384-AC94-4EC5-85DF-F39217FF1206}.Release|Any CPU.ActiveCfg = Release|Any CPU
		{17332384-AC94-4EC5-85DF-F39217FF1206}.Release|Any CPU.Build.0 = Release|Any CPU
		{BD6BC28F-AB0F-44F6-B739-571BF856E076}.Debug|Any CPU.ActiveCfg = Debug|Any CPU
		{BD6BC28F-AB0F-44F6-B739-571BF856E076}.Debug|Any CPU.Build.0 = Debug|Any CPU
		{BD6BC28F-AB0F-44F6-B739-571BF856E076}.Release|Any CPU.ActiveCfg = Release|Any CPU
		{BD6BC28F-AB0F-44F6-B739-571BF856E076}.Release|Any CPU.Build.0 = Release|Any CPU
	EndGlobalSection
	GlobalSection(SolutionProperties) = preSolution
		HideSolutionNode = FALSE
	EndGlobalSection
	GlobalSection(ExtensibilityGlobals) = postSolution
		SolutionGuid = {F0FB833A-40AA-4A00-B678-6B6D783FB31D}
	EndGlobalSection
EndGlobal
